// !$*UTF8*$!
{
	archiveVersion = 1;
	classes = {
	};
	objectVersion = 46;
	objects = {

/* Begin PBXBuildFile section */
		089C14691EB1E05800127EE9 /* AppDelegate.swift in Sources */ = {isa = PBXBuildFile; fileRef = 089C14681EB1E05800127EE9 /* AppDelegate.swift */; };
		089C146B1EB1E05800127EE9 /* ViewController.swift in Sources */ = {isa = PBXBuildFile; fileRef = 089C146A1EB1E05800127EE9 /* ViewController.swift */; };
		089C146E1EB1E05800127EE9 /* Main.storyboard in Resources */ = {isa = PBXBuildFile; fileRef = 089C146C1EB1E05800127EE9 /* Main.storyboard */; };
		089C14701EB1E05800127EE9 /* Assets.xcassets in Resources */ = {isa = PBXBuildFile; fileRef = 089C146F1EB1E05800127EE9 /* Assets.xcassets */; };
		089C14731EB1E05800127EE9 /* LaunchScreen.storyboard in Resources */ = {isa = PBXBuildFile; fileRef = 089C14711EB1E05800127EE9 /* LaunchScreen.storyboard */; };
		089C147C1EB1E64C00127EE9 /* libCaffe2_CPU.a in Frameworks */ = {isa = PBXBuildFile; fileRef = 089C147B1EB1E64C00127EE9 /* libCaffe2_CPU.a */; };
		089C14801EB1E65600127EE9 /* C2Wrapper.mm in Sources */ = {isa = PBXBuildFile; fileRef = 089C147F1EB1E65600127EE9 /* C2Wrapper.mm */; };
		089C14831EB1EA8B00127EE9 /* libprotobuf-lite.a in Frameworks */ = {isa = PBXBuildFile; fileRef = 089C14811EB1EA8B00127EE9 /* libprotobuf-lite.a */; };
		089C14841EB1EA8B00127EE9 /* libprotobuf.a in Frameworks */ = {isa = PBXBuildFile; fileRef = 089C14821EB1EA8B00127EE9 /* libprotobuf.a */; };
		089C14901EB1ECFA00127EE9 /* MPSCNN.metal in Sources */ = {isa = PBXBuildFile; fileRef = 089C14891EB1ECFA00127EE9 /* MPSCNN.metal */; };
		089C14911EB1ECFA00127EE9 /* mpscnn.mm in Sources */ = {isa = PBXBuildFile; fileRef = 089C148A1EB1ECFA00127EE9 /* mpscnn.mm */; };
		089C14921EB1ECFA00127EE9 /* mpscnn_context.mm in Sources */ = {isa = PBXBuildFile; fileRef = 089C148C1EB1ECFA00127EE9 /* mpscnn_context.mm */; };
		089C14961EB1ED4600127EE9 /* Metal.framework in Frameworks */ = {isa = PBXBuildFile; fileRef = 089C14941EB1ED4600127EE9 /* Metal.framework */; };
		089C14971EB1ED4600127EE9 /* MetalPerformanceShaders.framework in Frameworks */ = {isa = PBXBuildFile; fileRef = 089C14951EB1ED4600127EE9 /* MetalPerformanceShaders.framework */; };
		089C149A1EB2048700127EE9 /* mpscnn_test.mm in Sources */ = {isa = PBXBuildFile; fileRef = 089C14991EB2048700127EE9 /* mpscnn_test.mm */; };
		08A1BA131EB2095E00DD5417 /* libCAFFE2_NNPACK.a in Frameworks */ = {isa = PBXBuildFile; fileRef = 08A1BA111EB2095E00DD5417 /* libCAFFE2_NNPACK.a */; };
		08A1BA141EB2095E00DD5417 /* libCAFFE2_PTHREADPOOL.a in Frameworks */ = {isa = PBXBuildFile; fileRef = 08A1BA121EB2095E00DD5417 /* libCAFFE2_PTHREADPOOL.a */; };
/* End PBXBuildFile section */

/* Begin PBXFileReference section */
		089C14651EB1E05800127EE9 /* C2Swift.app */ = {isa = PBXFileReference; explicitFileType = wrapper.application; includeInIndex = 0; path = C2Swift.app; sourceTree = BUILT_PRODUCTS_DIR; };
		089C14681EB1E05800127EE9 /* AppDelegate.swift */ = {isa = PBXFileReference; lastKnownFileType = sourcecode.swift; path = AppDelegate.swift; sourceTree = "<group>"; };
		089C146A1EB1E05800127EE9 /* ViewController.swift */ = {isa = PBXFileReference; lastKnownFileType = sourcecode.swift; path = ViewController.swift; sourceTree = "<group>"; };
		089C146D1EB1E05800127EE9 /* Base */ = {isa = PBXFileReference; lastKnownFileType = file.storyboard; name = Base; path = Base.lproj/Main.storyboard; sourceTree = "<group>"; };
		089C146F1EB1E05800127EE9 /* Assets.xcassets */ = {isa = PBXFileReference; lastKnownFileType = folder.assetcatalog; path = Assets.xcassets; sourceTree = "<group>"; };
		089C14721EB1E05800127EE9 /* Base */ = {isa = PBXFileReference; lastKnownFileType = file.storyboard; name = Base; path = Base.lproj/LaunchScreen.storyboard; sourceTree = "<group>"; };
		089C14741EB1E05800127EE9 /* Info.plist */ = {isa = PBXFileReference; lastKnownFileType = text.plist.xml; path = Info.plist; sourceTree = "<group>"; };
		089C147B1EB1E64C00127EE9 /* libCaffe2_CPU.a */ = {isa = PBXFileReference; lastKnownFileType = archive.ar; name = libCaffe2_CPU.a; path = C2Swift/lib/libCaffe2_CPU.a; sourceTree = "<group>"; };
		089C147D1EB1E65600127EE9 /* C2Swift-Bridging-Header.h */ = {isa = PBXFileReference; lastKnownFileType = sourcecode.c.h; path = "C2Swift-Bridging-Header.h"; sourceTree = "<group>"; };
		089C147E1EB1E65600127EE9 /* C2Wrapper.h */ = {isa = PBXFileReference; fileEncoding = 4; lastKnownFileType = sourcecode.c.h; path = C2Wrapper.h; sourceTree = "<group>"; };
		089C147F1EB1E65600127EE9 /* C2Wrapper.mm */ = {isa = PBXFileReference; fileEncoding = 4; lastKnownFileType = sourcecode.cpp.objcpp; path = C2Wrapper.mm; sourceTree = "<group>"; };
		089C14811EB1EA8B00127EE9 /* libprotobuf-lite.a */ = {isa = PBXFileReference; lastKnownFileType = archive.ar; name = "libprotobuf-lite.a"; path = "C2Swift/lib/libprotobuf-lite.a"; sourceTree = "<group>"; };
		089C14821EB1EA8B00127EE9 /* libprotobuf.a */ = {isa = PBXFileReference; lastKnownFileType = archive.ar; name = libprotobuf.a; path = C2Swift/lib/libprotobuf.a; sourceTree = "<group>"; };
		089C14881EB1ECFA00127EE9 /* mpscnn.h */ = {isa = PBXFileReference; fileEncoding = 4; lastKnownFileType = sourcecode.c.h; path = mpscnn.h; sourceTree = "<group>"; };
		089C14891EB1ECFA00127EE9 /* MPSCNN.metal */ = {isa = PBXFileReference; fileEncoding = 4; lastKnownFileType = sourcecode.metal; path = MPSCNN.metal; sourceTree = "<group>"; };
		089C148A1EB1ECFA00127EE9 /* mpscnn.mm */ = {isa = PBXFileReference; fileEncoding = 4; lastKnownFileType = sourcecode.cpp.objcpp; path = mpscnn.mm; sourceTree = "<group>"; };
		089C148B1EB1ECFA00127EE9 /* mpscnn_context.h */ = {isa = PBXFileReference; fileEncoding = 4; lastKnownFileType = sourcecode.c.h; path = mpscnn_context.h; sourceTree = "<group>"; };
		089C148C1EB1ECFA00127EE9 /* mpscnn_context.mm */ = {isa = PBXFileReference; fileEncoding = 4; lastKnownFileType = sourcecode.cpp.objcpp; path = mpscnn_context.mm; sourceTree = "<group>"; };
		089C148D1EB1ECFA00127EE9 /* mpscnn_kernels.h */ = {isa = PBXFileReference; fileEncoding = 4; lastKnownFileType = sourcecode.c.h; path = mpscnn_kernels.h; sourceTree = "<group>"; };
		089C14941EB1ED4600127EE9 /* Metal.framework */ = {isa = PBXFileReference; lastKnownFileType = wrapper.framework; name = Metal.framework; path = System/Library/Frameworks/Metal.framework; sourceTree = SDKROOT; };
		089C14951EB1ED4600127EE9 /* MetalPerformanceShaders.framework */ = {isa = PBXFileReference; lastKnownFileType = wrapper.framework; name = MetalPerformanceShaders.framework; path = System/Library/Frameworks/MetalPerformanceShaders.framework; sourceTree = SDKROOT; };
		089C14981EB2048700127EE9 /* mpscnn_test.h */ = {isa = PBXFileReference; fileEncoding = 4; lastKnownFileType = sourcecode.c.h; path = mpscnn_test.h; sourceTree = "<group>"; };
		089C14991EB2048700127EE9 /* mpscnn_test.mm */ = {isa = PBXFileReference; fileEncoding = 4; lastKnownFileType = sourcecode.cpp.objcpp; path = mpscnn_test.mm; sourceTree = "<group>"; };
		08A1BA111EB2095E00DD5417 /* libCAFFE2_NNPACK.a */ = {isa = PBXFileReference; lastKnownFileType = archive.ar; name = libCAFFE2_NNPACK.a; path = C2Swift/lib/libCAFFE2_NNPACK.a; sourceTree = "<group>"; };
		08A1BA121EB2095E00DD5417 /* libCAFFE2_PTHREADPOOL.a */ = {isa = PBXFileReference; lastKnownFileType = archive.ar; name = libCAFFE2_PTHREADPOOL.a; path = C2Swift/lib/libCAFFE2_PTHREADPOOL.a; sourceTree = "<group>"; };
/* End PBXFileReference section */

/* Begin PBXFrameworksBuildPhase section */
		089C14621EB1E05800127EE9 /* Frameworks */ = {
			isa = PBXFrameworksBuildPhase;
			buildActionMask = 2147483647;
			files = (
				08A1BA131EB2095E00DD5417 /* libCAFFE2_NNPACK.a in Frameworks */,
				08A1BA141EB2095E00DD5417 /* libCAFFE2_PTHREADPOOL.a in Frameworks */,
				089C14961EB1ED4600127EE9 /* Metal.framework in Frameworks */,
				089C14971EB1ED4600127EE9 /* MetalPerformanceShaders.framework in Frameworks */,
				089C14831EB1EA8B00127EE9 /* libprotobuf-lite.a in Frameworks */,
				089C14841EB1EA8B00127EE9 /* libprotobuf.a in Frameworks */,
				089C147C1EB1E64C00127EE9 /* libCaffe2_CPU.a in Frameworks */,
			);
			runOnlyForDeploymentPostprocessing = 0;
		};
/* End PBXFrameworksBuildPhase section */

/* Begin PBXGroup section */
		089C145C1EB1E05800127EE9 = {
			isa = PBXGroup;
			children = (
				089C14671EB1E05800127EE9 /* C2Swift */,
				089C14661EB1E05800127EE9 /* Products */,
				089C147A1EB1E64A00127EE9 /* Frameworks */,
			);
			sourceTree = "<group>";
		};
		089C14661EB1E05800127EE9 /* Products */ = {
			isa = PBXGroup;
			children = (
				089C14651EB1E05800127EE9 /* C2Swift.app */,
			);
			name = Products;
			sourceTree = "<group>";
		};
		089C14671EB1E05800127EE9 /* C2Swift */ = {
			isa = PBXGroup;
			children = (
				089C14681EB1E05800127EE9 /* AppDelegate.swift */,
				089C146A1EB1E05800127EE9 /* ViewController.swift */,
				089C147E1EB1E65600127EE9 /* C2Wrapper.h */,
				089C147F1EB1E65600127EE9 /* C2Wrapper.mm */,
				089C146C1EB1E05800127EE9 /* Main.storyboard */,
				089C146F1EB1E05800127EE9 /* Assets.xcassets */,
				089C14711EB1E05800127EE9 /* LaunchScreen.storyboard */,
				089C14741EB1E05800127EE9 /* Info.plist */,
				089C147D1EB1E65600127EE9 /* C2Swift-Bridging-Header.h */,
				089C14871EB1ECFA00127EE9 /* mpscnn-fb */,
			);
			path = C2Swift;
			sourceTree = "<group>";
		};
		089C147A1EB1E64A00127EE9 /* Frameworks */ = {
			isa = PBXGroup;
			children = (
				08A1BA111EB2095E00DD5417 /* libCAFFE2_NNPACK.a */,
				08A1BA121EB2095E00DD5417 /* libCAFFE2_PTHREADPOOL.a */,
				089C14941EB1ED4600127EE9 /* Metal.framework */,
				089C14951EB1ED4600127EE9 /* MetalPerformanceShaders.framework */,
				089C14811EB1EA8B00127EE9 /* libprotobuf-lite.a */,
				089C14821EB1EA8B00127EE9 /* libprotobuf.a */,
				089C147B1EB1E64C00127EE9 /* libCaffe2_CPU.a */,
			);
			name = Frameworks;
			sourceTree = "<group>";
		};
		089C14871EB1ECFA00127EE9 /* mpscnn-fb */ = {
			isa = PBXGroup;
			children = (
				089C14881EB1ECFA00127EE9 /* mpscnn.h */,
				089C14891EB1ECFA00127EE9 /* MPSCNN.metal */,
				089C148A1EB1ECFA00127EE9 /* mpscnn.mm */,
				089C148B1EB1ECFA00127EE9 /* mpscnn_context.h */,
				089C148C1EB1ECFA00127EE9 /* mpscnn_context.mm */,
				089C14981EB2048700127EE9 /* mpscnn_test.h */,
				089C14991EB2048700127EE9 /* mpscnn_test.mm */,
				089C148D1EB1ECFA00127EE9 /* mpscnn_kernels.h */,
			);
			name = "mpscnn-fb";
			path = "include/caffe2/contrib/mpscnn-fb";
			sourceTree = "<group>";
		};
/* End PBXGroup section */

/* Begin PBXNativeTarget section */
		089C14641EB1E05800127EE9 /* C2Swift */ = {
			isa = PBXNativeTarget;
			buildConfigurationList = 089C14771EB1E05800127EE9 /* Build configuration list for PBXNativeTarget "C2Swift" */;
			buildPhases = (
				089C14611EB1E05800127EE9 /* Sources */,
				089C14621EB1E05800127EE9 /* Frameworks */,
				089C14631EB1E05800127EE9 /* Resources */,
			);
			buildRules = (
			);
			dependencies = (
			);
			name = C2Swift;
			productName = C2Swift;
			productReference = 089C14651EB1E05800127EE9 /* C2Swift.app */;
			productType = "com.apple.product-type.application";
		};
/* End PBXNativeTarget section */

/* Begin PBXProject section */
		089C145D1EB1E05800127EE9 /* Project object */ = {
			isa = PBXProject;
			attributes = {
				LastSwiftUpdateCheck = 0820;
				LastUpgradeCheck = 0820;
				ORGANIZATIONNAME = s1ddok;
				TargetAttributes = {
					089C14641EB1E05800127EE9 = {
						CreatedOnToolsVersion = 8.2.1;
						DevelopmentTeam = PR6HV9J6AD;
						LastSwiftMigration = 0820;
						ProvisioningStyle = Automatic;
					};
				};
			};
			buildConfigurationList = 089C14601EB1E05800127EE9 /* Build configuration list for PBXProject "C2Swift" */;
			compatibilityVersion = "Xcode 3.2";
			developmentRegion = English;
			hasScannedForEncodings = 0;
			knownRegions = (
				en,
				Base,
			);
			mainGroup = 089C145C1EB1E05800127EE9;
			productRefGroup = 089C14661EB1E05800127EE9 /* Products */;
			projectDirPath = "";
			projectRoot = "";
			targets = (
				089C14641EB1E05800127EE9 /* C2Swift */,
			);
		};
/* End PBXProject section */

/* Begin PBXResourcesBuildPhase section */
		089C14631EB1E05800127EE9 /* Resources */ = {
			isa = PBXResourcesBuildPhase;
			buildActionMask = 2147483647;
			files = (
				089C14731EB1E05800127EE9 /* LaunchScreen.storyboard in Resources */,
				089C14701EB1E05800127EE9 /* Assets.xcassets in Resources */,
				089C146E1EB1E05800127EE9 /* Main.storyboard in Resources */,
			);
			runOnlyForDeploymentPostprocessing = 0;
		};
/* End PBXResourcesBuildPhase section */

/* Begin PBXSourcesBuildPhase section */
		089C14611EB1E05800127EE9 /* Sources */ = {
			isa = PBXSourcesBuildPhase;
			buildActionMask = 2147483647;
			files = (
				089C14901EB1ECFA00127EE9 /* MPSCNN.metal in Sources */,
				089C146B1EB1E05800127EE9 /* ViewController.swift in Sources */,
				089C14921EB1ECFA00127EE9 /* mpscnn_context.mm in Sources */,
				089C14691EB1E05800127EE9 /* AppDelegate.swift in Sources */,
				089C14801EB1E65600127EE9 /* C2Wrapper.mm in Sources */,
				089C14911EB1ECFA00127EE9 /* mpscnn.mm in Sources */,
				089C149A1EB2048700127EE9 /* mpscnn_test.mm in Sources */,
			);
			runOnlyForDeploymentPostprocessing = 0;
		};
/* End PBXSourcesBuildPhase section */

/* Begin PBXVariantGroup section */
		089C146C1EB1E05800127EE9 /* Main.storyboard */ = {
			isa = PBXVariantGroup;
			children = (
				089C146D1EB1E05800127EE9 /* Base */,
			);
			name = Main.storyboard;
			sourceTree = "<group>";
		};
		089C14711EB1E05800127EE9 /* LaunchScreen.storyboard */ = {
			isa = PBXVariantGroup;
			children = (
				089C14721EB1E05800127EE9 /* Base */,
			);
			name = LaunchScreen.storyboard;
			sourceTree = "<group>";
		};
/* End PBXVariantGroup section */

/* Begin XCBuildConfiguration section */
		089C14751EB1E05800127EE9 /* Debug */ = {
			isa = XCBuildConfiguration;
			buildSettings = {
				ALWAYS_SEARCH_USER_PATHS = NO;
				CLANG_ANALYZER_NONNULL = YES;
				CLANG_CXX_LANGUAGE_STANDARD = "gnu++0x";
				CLANG_CXX_LIBRARY = "libc++";
				CLANG_ENABLE_MODULES = YES;
				CLANG_ENABLE_OBJC_ARC = YES;
				CLANG_WARN_BOOL_CONVERSION = YES;
				CLANG_WARN_CONSTANT_CONVERSION = YES;
				CLANG_WARN_DIRECT_OBJC_ISA_USAGE = YES_ERROR;
				CLANG_WARN_DOCUMENTATION_COMMENTS = YES;
				CLANG_WARN_EMPTY_BODY = YES;
				CLANG_WARN_ENUM_CONVERSION = YES;
				CLANG_WARN_INFINITE_RECURSION = YES;
				CLANG_WARN_INT_CONVERSION = YES;
				CLANG_WARN_OBJC_ROOT_CLASS = YES_ERROR;
				CLANG_WARN_SUSPICIOUS_MOVE = YES;
				CLANG_WARN_UNREACHABLE_CODE = YES;
				CLANG_WARN__DUPLICATE_METHOD_MATCH = YES;
				"CODE_SIGN_IDENTITY[sdk=iphoneos*]" = "iPhone Developer";
				COPY_PHASE_STRIP = NO;
				DEBUG_INFORMATION_FORMAT = dwarf;
				ENABLE_STRICT_OBJC_MSGSEND = YES;
				ENABLE_TESTABILITY = YES;
				GCC_C_LANGUAGE_STANDARD = gnu99;
				GCC_DYNAMIC_NO_PIC = NO;
				GCC_NO_COMMON_BLOCKS = YES;
				GCC_OPTIMIZATION_LEVEL = 0;
				GCC_PREPROCESSOR_DEFINITIONS = (
					"DEBUG=1",
					"$(inherited)",
				);
				GCC_WARN_64_TO_32_BIT_CONVERSION = YES;
				GCC_WARN_ABOUT_RETURN_TYPE = YES_ERROR;
				GCC_WARN_UNDECLARED_SELECTOR = YES;
				GCC_WARN_UNINITIALIZED_AUTOS = YES_AGGRESSIVE;
				GCC_WARN_UNUSED_FUNCTION = YES;
				GCC_WARN_UNUSED_VARIABLE = YES;
				IPHONEOS_DEPLOYMENT_TARGET = 10.2;
				MTL_ENABLE_DEBUG_INFO = YES;
				ONLY_ACTIVE_ARCH = YES;
				SDKROOT = iphoneos;
				SWIFT_ACTIVE_COMPILATION_CONDITIONS = DEBUG;
				SWIFT_OPTIMIZATION_LEVEL = "-Onone";
				TARGETED_DEVICE_FAMILY = "1,2";
			};
			name = Debug;
		};
		089C14761EB1E05800127EE9 /* Release */ = {
			isa = XCBuildConfiguration;
			buildSettings = {
				ALWAYS_SEARCH_USER_PATHS = NO;
				CLANG_ANALYZER_NONNULL = YES;
				CLANG_CXX_LANGUAGE_STANDARD = "gnu++0x";
				CLANG_CXX_LIBRARY = "libc++";
				CLANG_ENABLE_MODULES = YES;
				CLANG_ENABLE_OBJC_ARC = YES;
				CLANG_WARN_BOOL_CONVERSION = YES;
				CLANG_WARN_CONSTANT_CONVERSION = YES;
				CLANG_WARN_DIRECT_OBJC_ISA_USAGE = YES_ERROR;
				CLANG_WARN_DOCUMENTATION_COMMENTS = YES;
				CLANG_WARN_EMPTY_BODY = YES;
				CLANG_WARN_ENUM_CONVERSION = YES;
				CLANG_WARN_INFINITE_RECURSION = YES;
				CLANG_WARN_INT_CONVERSION = YES;
				CLANG_WARN_OBJC_ROOT_CLASS = YES_ERROR;
				CLANG_WARN_SUSPICIOUS_MOVE = YES;
				CLANG_WARN_UNREACHABLE_CODE = YES;
				CLANG_WARN__DUPLICATE_METHOD_MATCH = YES;
				"CODE_SIGN_IDENTITY[sdk=iphoneos*]" = "iPhone Developer";
				COPY_PHASE_STRIP = NO;
				DEBUG_INFORMATION_FORMAT = "dwarf-with-dsym";
				ENABLE_NS_ASSERTIONS = NO;
				ENABLE_STRICT_OBJC_MSGSEND = YES;
				GCC_C_LANGUAGE_STANDARD = gnu99;
				GCC_NO_COMMON_BLOCKS = YES;
				GCC_WARN_64_TO_32_BIT_CONVERSION = YES;
				GCC_WARN_ABOUT_RETURN_TYPE = YES_ERROR;
				GCC_WARN_UNDECLARED_SELECTOR = YES;
				GCC_WARN_UNINITIALIZED_AUTOS = YES_AGGRESSIVE;
				GCC_WARN_UNUSED_FUNCTION = YES;
				GCC_WARN_UNUSED_VARIABLE = YES;
				IPHONEOS_DEPLOYMENT_TARGET = 10.2;
				MTL_ENABLE_DEBUG_INFO = NO;
				SDKROOT = iphoneos;
				SWIFT_OPTIMIZATION_LEVEL = "-Owholemodule";
				TARGETED_DEVICE_FAMILY = "1,2";
				VALIDATE_PRODUCT = YES;
			};
			name = Release;
		};
		089C14781EB1E05800127EE9 /* Debug */ = {
			isa = XCBuildConfiguration;
			buildSettings = {
				ASSETCATALOG_COMPILER_APPICON_NAME = AppIcon;
				CLANG_CXX_LANGUAGE_STANDARD = "c++14";
				CLANG_ENABLE_MODULES = YES;
				DEVELOPMENT_TEAM = PR6HV9J6AD;
				ENABLE_BITCODE = NO;
				HEADER_SEARCH_PATHS = "$(SRCROOT)/C2Swift/include";
				INFOPLIST_FILE = C2Swift/Info.plist;
				LD_RUNPATH_SEARCH_PATHS = "$(inherited) @executable_path/Frameworks";
				LIBRARY_SEARCH_PATHS = (
					"$(inherited)",
					"$(PROJECT_DIR)/C2Swift/lib",
				);
				OTHER_CPLUSPLUSFLAGS = "$(OTHER_CFLAGS)";
				OTHER_LDFLAGS = (
					"-force_load",
					C2Swift/lib/libCaffe2_CPU.a,
				);
				PRODUCT_BUNDLE_IDENTIFIER = me.s1ddok.C2Swift;
				PRODUCT_NAME = "$(TARGET_NAME)";
				SWIFT_OBJC_BRIDGING_HEADER = "C2Swift/C2Swift-Bridging-Header.h";
				SWIFT_OPTIMIZATION_LEVEL = "-Onone";
				SWIFT_VERSION = 3.0;
			};
			name = Debug;
		};
		089C14791EB1E05800127EE9 /* Release */ = {
			isa = XCBuildConfiguration;
			buildSettings = {
				ASSETCATALOG_COMPILER_APPICON_NAME = AppIcon;
				CLANG_CXX_LANGUAGE_STANDARD = "c++14";
				CLANG_ENABLE_MODULES = YES;
				DEVELOPMENT_TEAM = PR6HV9J6AD;
				ENABLE_BITCODE = NO;
				HEADER_SEARCH_PATHS = "$(SRCROOT)/C2Swift/include";
				INFOPLIST_FILE = C2Swift/Info.plist;
				LD_RUNPATH_SEARCH_PATHS = "$(inherited) @executable_path/Frameworks";
				LIBRARY_SEARCH_PATHS = (
					"$(inherited)",
					"$(PROJECT_DIR)/C2Swift/lib",
				);
				OTHER_CPLUSPLUSFLAGS = "$(OTHER_CFLAGS)";
				OTHER_LDFLAGS = (
					"-force_load",
					C2Swift/lib/libCaffe2_CPU.a,
				);
				PRODUCT_BUNDLE_IDENTIFIER = me.s1ddok.C2Swift;
				PRODUCT_NAME = "$(TARGET_NAME)";
				SWIFT_OBJC_BRIDGING_HEADER = "C2Swift/C2Swift-Bridging-Header.h";
				SWIFT_VERSION = 3.0;
			};
			name = Release;
		};
/* End XCBuildConfiguration section */

/* Begin XCConfigurationList section */
		089C14601EB1E05800127EE9 /* Build configuration list for PBXProject "C2Swift" */ = {
			isa = XCConfigurationList;
			buildConfigurations = (
				089C14751EB1E05800127EE9 /* Debug */,
				089C14761EB1E05800127EE9 /* Release */,
			);
			defaultConfigurationIsVisible = 0;
			defaultConfigurationName = Release;
		};
		089C14771EB1E05800127EE9 /* Build configuration list for PBXNativeTarget "C2Swift" */ = {
			isa = XCConfigurationList;
			buildConfigurations = (
				089C14781EB1E05800127EE9 /* Debug */,
				089C14791EB1E05800127EE9 /* Release */,
			);
			defaultConfigurationIsVisible = 0;
			defaultConfigurationName = Release;
		};
/* End XCConfigurationList section */
	};
	rootObject = 089C145D1EB1E05800127EE9 /* Project object */;
}
